
Microsoft Visual Studio Solution File, Format Version 12.00
# Visual Studio Version 16
VisualStudioVersion = 16.0.29324.140
MinimumVisualStudioVersion = 10.0.40219.1
Project("{FAE04EC0-301F-11D3-BF4B-00C04F79EFBC}") = "Hello1", "Hello1\Hello1.csproj", "{DD50DEB4-1E02-4EF4-93B8-E4962938210B}"
EndProject
Project("{FAE04EC0-301F-11D3-BF4B-00C04F79EFBC}") = "Hello2", "Hello2\Hello2.csproj", "{C8619C64-2128-4229-BB86-DCE9E47E03AA}"
EndProject
Project("{FAE04EC0-301F-11D3-BF4B-00C04F79EFBC}") = "Hello3", "Hello3\Hello3.csproj", "{7C7ADAB1-916C-4301-8E86-C6AD3541E96A}"
EndProject
Global
	GlobalSection(SolutionConfigurationPlatforms) = preSolution
		Debug|Any CPU = Debug|Any CPU
		Release|Any CPU = Release|Any CPU
	EndGlobalSection
	GlobalSection(ProjectConfigurationPlatforms) = postSolution
		{DD50DEB4-1E02-4EF4-93B8-E4962938210B}.Debug|Any CPU.ActiveCfg = Debug|Any CPU
		{DD50DEB4-1E02-4EF4-93B8-E4962938210B}.Debug|Any CPU.Build.0 = Debug|Any CPU
		{DD50DEB4-1E02-4EF4-93B8-E4962938210B}.Release|Any CPU.ActiveCfg = Release|Any CPU
		{DD50DEB4-1E02-4EF4-93B8-E4962938210B}.Release|Any CPU.Build.0 = Release|Any CPU
		{C8619C64-2128-4229-BB86-DCE9E47E03AA}.Debug|Any CPU.ActiveCfg = Debug|Any CPU
		{C8619C64-2128-4229-BB86-DCE9E47E03AA}.Debug|Any CPU.Build.0 = Debug|Any CPU
		{C8619C64-2128-4229-BB86-DCE9E47E03AA}.Release|Any CPU.ActiveCfg = Release|Any CPU
		{C8619C64-2128-4229-BB86-DCE9E47E03AA}.Release|Any CPU.Build.0 = Release|Any CPU
		{7C7ADAB1-916C-4301-8E86-C6AD3541E96A}.Debug|Any CPU.ActiveCfg = Debug|Any CPU
		{7C7ADAB1-916C-4301-8E86-C6AD3541E96A}.Debug|Any CPU.Build.0 = Debug|Any CPU
		{7C7ADAB1-916C-4301-8E86-C6AD3541E96A}.Release|Any CPU.ActiveCfg = Release|Any CPU
		{7C7ADAB1-916C-4301-8E86-C6AD3541E96A}.Release|Any CPU.Build.0 = Release|Any CPU
	EndGlobalSection
	GlobalSection(SolutionProperties) = preSolution
		HideSolutionNode = FALSE
	EndGlobalSection
	GlobalSection(ExtensibilityGlobals) = postSolution
		SolutionGuid = {B63A85C3-AAD5-475B-986A-CD5333A24054}
	EndGlobalSection
EndGlobal
